
Microsoft Visual Studio Solution File, Format Version 12.00
Project("{FAE04EC0-301F-11D3-BF4B-00C04F79EFBC}") = "badLogg", "badLogg\badLogg.csproj", "{34C2B5D3-98AC-4D06-A208-5214D5E13AA7}"
EndProject
Project("{FAE04EC0-301F-11D3-BF4B-00C04F79EFBC}") = "tests", "tests\tests.csproj", "{9FFFB368-5CB1-4D16-B9F6-AC3C2A0D5254}"
EndProject
Global
	GlobalSection(SolutionConfigurationPlatforms) = preSolution
		Debug|Any CPU = Debug|Any CPU
		Release|Any CPU = Release|Any CPU
	EndGlobalSection
	GlobalSection(ProjectConfigurationPlatforms) = postSolution
		{34C2B5D3-98AC-4D06-A208-5214D5E13AA7}.Debug|Any CPU.ActiveCfg = Debug|Any CPU
		{34C2B5D3-98AC-4D06-A208-5214D5E13AA7}.Debug|Any CPU.Build.0 = Debug|Any CPU
		{34C2B5D3-98AC-4D06-A208-5214D5E13AA7}.Release|Any CPU.ActiveCfg = Release|Any CPU
		{34C2B5D3-98AC-4D06-A208-5214D5E13AA7}.Release|Any CPU.Build.0 = Release|Any CPU
		{9FFFB368-5CB1-4D16-B9F6-AC3C2A0D5254}.Debug|Any CPU.ActiveCfg = Debug|Any CPU
		{9FFFB368-5CB1-4D16-B9F6-AC3C2A0D5254}.Debug|Any CPU.Build.0 = Debug|Any CPU
		{9FFFB368-5CB1-4D16-B9F6-AC3C2A0D5254}.Release|Any CPU.ActiveCfg = Release|Any CPU
		{9FFFB368-5CB1-4D16-B9F6-AC3C2A0D5254}.Release|Any CPU.Build.0 = Release|Any CPU
	EndGlobalSection
EndGlobal
